// !$*UTF8*$!
{
	archiveVersion = 1;
	classes = {
	};
	objectVersion = 50;
	objects = {

/* Begin PBXBuildFile section */
		7E5D62CA22D648330061D492 /* MPRHotKeyCocoa.m in Sources */ = {isa = PBXBuildFile; fileRef = 7E5D62C922D648330061D492 /* MPRHotKeyCocoa.m */; };
		7E71527322AAEE6B00A6E7F0 /* MPRViewController.m in Sources */ = {isa = PBXBuildFile; fileRef = 7E71527222AAEE6B00A6E7F0 /* MPRViewController.m */; };
		7E7191CC22B03C930001FDA4 /* MPRMenu.m in Sources */ = {isa = PBXBuildFile; fileRef = 7E7191CB22B03C930001FDA4 /* MPRMenu.m */; };
		7E95982722B135A600157873 /* MPRStoryboard.storyboard in Resources */ = {isa = PBXBuildFile; fileRef = 7E95982622B135A600157873 /* MPRStoryboard.storyboard */; };
		7EAB7E5D22A97DBE00D35C38 /* Info.plist in Resources */ = {isa = PBXBuildFile; fileRef = 7EAB7E5522A97DBE00D35C38 /* Info.plist */; };
		7EAB7E5E22A97DBE00D35C38 /* MPRHotKey.m in Sources */ = {isa = PBXBuildFile; fileRef = 7EAB7E5622A97DBE00D35C38 /* MPRHotKey.m */; };
		7EAB7E5F22A97DBE00D35C38 /* Lock3.png in Resources */ = {isa = PBXBuildFile; fileRef = 7EAB7E5922A97DBE00D35C38 /* Lock3.png */; };
		7EAB7E6022A97DBE00D35C38 /* MPRStatusItem.m in Sources */ = {isa = PBXBuildFile; fileRef = 7EAB7E5A22A97DBE00D35C38 /* MPRStatusItem.m */; };
		7EAB7E6122A97DBE00D35C38 /* MacPassRevealer.m in Sources */ = {isa = PBXBuildFile; fileRef = 7EAB7E5C22A97DBE00D35C38 /* MacPassRevealer.m */; };
		7EBB6A5E22A9ED2800DB23FD /* MPRView.m in Sources */ = {isa = PBXBuildFile; fileRef = 7EBB6A5D22A9ED2800DB23FD /* MPRView.m */; };
/* End PBXBuildFile section */

/* Begin PBXFileReference section */
		4C8139272281FBC200092FD7 /* MacPassRevealer.mpplugin */ = {isa = PBXFileReference; explicitFileType = wrapper.cfbundle; includeInIndex = 0; path = MacPassRevealer.mpplugin; sourceTree = BUILT_PRODUCTS_DIR; };
		7E5D62C822D648330061D492 /* MPRHotKeyCocoa.h */ = {isa = PBXFileReference; fileEncoding = 4; lastKnownFileType = sourcecode.c.h; path = MPRHotKeyCocoa.h; sourceTree = "<group>"; };
		7E5D62C922D648330061D492 /* MPRHotKeyCocoa.m */ = {isa = PBXFileReference; fileEncoding = 4; lastKnownFileType = sourcecode.c.objc; path = MPRHotKeyCocoa.m; sourceTree = "<group>"; };
		7E71527122AAEE6B00A6E7F0 /* MPRViewController.h */ = {isa = PBXFileReference; lastKnownFileType = sourcecode.c.h; path = MPRViewController.h; sourceTree = "<group>"; };
		7E71527222AAEE6B00A6E7F0 /* MPRViewController.m */ = {isa = PBXFileReference; lastKnownFileType = sourcecode.c.objc; path = MPRViewController.m; sourceTree = "<group>"; };
		7E7191CB22B03C930001FDA4 /* MPRMenu.m */ = {isa = PBXFileReference; lastKnownFileType = sourcecode.c.objc; path = MPRMenu.m; sourceTree = "<group>"; };
		7E7191CD22B03C9F0001FDA4 /* MPRMenu.h */ = {isa = PBXFileReference; lastKnownFileType = sourcecode.c.h; path = MPRMenu.h; sourceTree = "<group>"; };
		7E95982622B135A600157873 /* MPRStoryboard.storyboard */ = {isa = PBXFileReference; lastKnownFileType = file.storyboard; path = MPRStoryboard.storyboard; sourceTree = "<group>"; };
		7EAB7E5522A97DBE00D35C38 /* Info.plist */ = {isa = PBXFileReference; fileEncoding = 4; lastKnownFileType = text.plist.xml; path = Info.plist; sourceTree = "<group>"; };
		7EAB7E5622A97DBE00D35C38 /* MPRHotKey.m */ = {isa = PBXFileReference; fileEncoding = 4; lastKnownFileType = sourcecode.c.objc; path = MPRHotKey.m; sourceTree = "<group>"; };
		7EAB7E5722A97DBE00D35C38 /* MPRHotKeys.h */ = {isa = PBXFileReference; fileEncoding = 4; lastKnownFileType = sourcecode.c.h; path = MPRHotKeys.h; sourceTree = "<group>"; };
		7EAB7E5822A97DBE00D35C38 /* MPRStatusItem.h */ = {isa = PBXFileReference; fileEncoding = 4; lastKnownFileType = sourcecode.c.h; path = MPRStatusItem.h; sourceTree = "<group>"; };
		7EAB7E5922A97DBE00D35C38 /* Lock3.png */ = {isa = PBXFileReference; lastKnownFileType = image.png; path = Lock3.png; sourceTree = "<group>"; };
		7EAB7E5A22A97DBE00D35C38 /* MPRStatusItem.m */ = {isa = PBXFileReference; fileEncoding = 4; lastKnownFileType = sourcecode.c.objc; path = MPRStatusItem.m; sourceTree = "<group>"; };
		7EAB7E5B22A97DBE00D35C38 /* MacPassRevealer.h */ = {isa = PBXFileReference; fileEncoding = 4; lastKnownFileType = sourcecode.c.h; path = MacPassRevealer.h; sourceTree = "<group>"; };
		7EAB7E5C22A97DBE00D35C38 /* MacPassRevealer.m */ = {isa = PBXFileReference; fileEncoding = 4; lastKnownFileType = sourcecode.c.objc; path = MacPassRevealer.m; sourceTree = "<group>"; };
		7EBB6A5C22A9ED2800DB23FD /* MPRView.h */ = {isa = PBXFileReference; lastKnownFileType = sourcecode.c.h; path = MPRView.h; sourceTree = "<group>"; };
		7EBB6A5D22A9ED2800DB23FD /* MPRView.m */ = {isa = PBXFileReference; lastKnownFileType = sourcecode.c.objc; path = MPRView.m; sourceTree = "<group>"; };
/* End PBXFileReference section */

/* Begin PBXFrameworksBuildPhase section */
		4C8139242281FBC200092FD7 /* Frameworks */ = {
			isa = PBXFrameworksBuildPhase;
			buildActionMask = 2147483647;
			files = (
			);
			runOnlyForDeploymentPostprocessing = 0;
		};
/* End PBXFrameworksBuildPhase section */

/* Begin PBXGroup section */
		4C81391E2281FBC200092FD7 = {
			isa = PBXGroup;
			children = (
				7E95982622B135A600157873 /* MPRStoryboard.storyboard */,
				4C8139292281FBC200092FD7 /* MacPassRevealer */,
				4C8139282281FBC200092FD7 /* Products */,
			);
			sourceTree = "<group>";
		};
		4C8139282281FBC200092FD7 /* Products */ = {
			isa = PBXGroup;
			children = (
				4C8139272281FBC200092FD7 /* MacPassRevealer.mpplugin */,
			);
			name = Products;
			sourceTree = "<group>";
		};
		4C8139292281FBC200092FD7 /* MacPassRevealer */ = {
			isa = PBXGroup;
			children = (
				7E7191CE22B0468D0001FDA4 /* View */,
				7EAB7E5522A97DBE00D35C38 /* Info.plist */,
				7EAB7E5922A97DBE00D35C38 /* Lock3.png */,
				7EAB7E5B22A97DBE00D35C38 /* MacPassRevealer.h */,
				7EAB7E5C22A97DBE00D35C38 /* MacPassRevealer.m */,
				7E7191CD22B03C9F0001FDA4 /* MPRMenu.h */,
				7E7191CB22B03C930001FDA4 /* MPRMenu.m */,
				7EAB7E5722A97DBE00D35C38 /* MPRHotKeys.h */,
				7EAB7E5622A97DBE00D35C38 /* MPRHotKey.m */,
				7EAB7E5822A97DBE00D35C38 /* MPRStatusItem.h */,
				7EAB7E5A22A97DBE00D35C38 /* MPRStatusItem.m */,
				7E5D62C822D648330061D492 /* MPRHotKeyCocoa.h */,
				7E5D62C922D648330061D492 /* MPRHotKeyCocoa.m */,
			);
			path = MacPassRevealer;
			sourceTree = "<group>";
		};
		7E7191CE22B0468D0001FDA4 /* View */ = {
			isa = PBXGroup;
			children = (
				7E71527122AAEE6B00A6E7F0 /* MPRViewController.h */,
				7E71527222AAEE6B00A6E7F0 /* MPRViewController.m */,
				7EBB6A5C22A9ED2800DB23FD /* MPRView.h */,
				7EBB6A5D22A9ED2800DB23FD /* MPRView.m */,
			);
			path = View;
			sourceTree = "<group>";
		};
/* End PBXGroup section */

/* Begin PBXNativeTarget section */
		4C8139262281FBC200092FD7 /* MacPassRevealer */ = {
			isa = PBXNativeTarget;
			buildConfigurationList = 4C81392D2281FBC200092FD7 /* Build configuration list for PBXNativeTarget "MacPassRevealer" */;
			buildPhases = (
				4C8139232281FBC200092FD7 /* Sources */,
				4C8139242281FBC200092FD7 /* Frameworks */,
				4C8139252281FBC200092FD7 /* Resources */,
			);
			buildRules = (
			);
			dependencies = (
			);
			name = MacPassRevealer;
			productName = AutotypeURL;
			productReference = 4C8139272281FBC200092FD7 /* MacPassRevealer.mpplugin */;
			productType = "com.apple.product-type.bundle";
		};
/* End PBXNativeTarget section */

/* Begin PBXProject section */
		4C81391F2281FBC200092FD7 /* Project object */ = {
			isa = PBXProject;
			attributes = {
				CLASSPREFIX = MPR;
				LastUpgradeCheck = 1020;
				ORGANIZATIONNAME = "HicknHack Software GmbH";
				TargetAttributes = {
					4C8139262281FBC200092FD7 = {
						CreatedOnToolsVersion = 10.2.1;
					};
				};
			};
			buildConfigurationList = 4C8139222281FBC200092FD7 /* Build configuration list for PBXProject "MacPassRevealer" */;
			compatibilityVersion = "Xcode 9.3";
			developmentRegion = en;
			hasScannedForEncodings = 0;
			knownRegions = (
				en,
			);
			mainGroup = 4C81391E2281FBC200092FD7;
			productRefGroup = 4C8139282281FBC200092FD7 /* Products */;
			projectDirPath = "";
			projectRoot = "";
			targets = (
				4C8139262281FBC200092FD7 /* MacPassRevealer */,
			);
		};
/* End PBXProject section */

/* Begin PBXResourcesBuildPhase section */
		4C8139252281FBC200092FD7 /* Resources */ = {
			isa = PBXResourcesBuildPhase;
			buildActionMask = 2147483647;
			files = (
				7EAB7E5F22A97DBE00D35C38 /* Lock3.png in Resources */,
				7EAB7E5D22A97DBE00D35C38 /* Info.plist in Resources */,
				7E95982722B135A600157873 /* MPRStoryboard.storyboard in Resources */,
			);
			runOnlyForDeploymentPostprocessing = 0;
		};
/* End PBXResourcesBuildPhase section */

/* Begin PBXSourcesBuildPhase section */
		4C8139232281FBC200092FD7 /* Sources */ = {
			isa = PBXSourcesBuildPhase;
			buildActionMask = 2147483647;
			files = (
				7EAB7E6122A97DBE00D35C38 /* MacPassRevealer.m in Sources */,
				7EAB7E6022A97DBE00D35C38 /* MPRStatusItem.m in Sources */,
				7E71527322AAEE6B00A6E7F0 /* MPRViewController.m in Sources */,
				7EAB7E5E22A97DBE00D35C38 /* MPRHotKey.m in Sources */,
				7E5D62CA22D648330061D492 /* MPRHotKeyCocoa.m in Sources */,
				7E7191CC22B03C930001FDA4 /* MPRMenu.m in Sources */,
				7EBB6A5E22A9ED2800DB23FD /* MPRView.m in Sources */,
			);
			runOnlyForDeploymentPostprocessing = 0;
		};
/* End PBXSourcesBuildPhase section */

/* Begin XCBuildConfiguration section */
		4C81392B2281FBC200092FD7 /* Debug */ = {
			isa = XCBuildConfiguration;
			buildSettings = {
				ALWAYS_SEARCH_USER_PATHS = NO;
				CLANG_ANALYZER_NONNULL = YES;
				CLANG_ANALYZER_NUMBER_OBJECT_CONVERSION = YES_AGGRESSIVE;
				CLANG_CXX_LANGUAGE_STANDARD = "gnu++14";
				CLANG_CXX_LIBRARY = "libc++";
				CLANG_ENABLE_MODULES = YES;
				CLANG_ENABLE_OBJC_ARC = YES;
				CLANG_ENABLE_OBJC_WEAK = YES;
				CLANG_WARN_BLOCK_CAPTURE_AUTORELEASING = YES;
				CLANG_WARN_BOOL_CONVERSION = YES;
				CLANG_WARN_COMMA = YES;
				CLANG_WARN_CONSTANT_CONVERSION = YES;
				CLANG_WARN_DEPRECATED_OBJC_IMPLEMENTATIONS = YES;
				CLANG_WARN_DIRECT_OBJC_ISA_USAGE = YES_ERROR;
				CLANG_WARN_DOCUMENTATION_COMMENTS = YES;
				CLANG_WARN_EMPTY_BODY = YES;
				CLANG_WARN_ENUM_CONVERSION = YES;
				CLANG_WARN_INFINITE_RECURSION = YES;
				CLANG_WARN_INT_CONVERSION = YES;
				CLANG_WARN_NON_LITERAL_NULL_CONVERSION = YES;
				CLANG_WARN_OBJC_IMPLICIT_RETAIN_SELF = YES;
				CLANG_WARN_OBJC_LITERAL_CONVERSION = YES;
				CLANG_WARN_OBJC_ROOT_CLASS = YES_ERROR;
				CLANG_WARN_RANGE_LOOP_ANALYSIS = YES;
				CLANG_WARN_STRICT_PROTOTYPES = YES;
				CLANG_WARN_SUSPICIOUS_MOVE = YES;
				CLANG_WARN_UNGUARDED_AVAILABILITY = YES_AGGRESSIVE;
				CLANG_WARN_UNREACHABLE_CODE = YES;
				CLANG_WARN__DUPLICATE_METHOD_MATCH = YES;
				CODE_SIGN_IDENTITY = "Mac Developer: gsnowiii@gmail.com (JLUT8362TK)";
				COPY_PHASE_STRIP = NO;
				DEBUG_INFORMATION_FORMAT = dwarf;
				ENABLE_STRICT_OBJC_MSGSEND = YES;
				ENABLE_TESTABILITY = YES;
				GCC_C_LANGUAGE_STANDARD = gnu11;
				GCC_DYNAMIC_NO_PIC = NO;
				GCC_NO_COMMON_BLOCKS = YES;
				GCC_OPTIMIZATION_LEVEL = 0;
				GCC_PREPROCESSOR_DEFINITIONS = (
					"DEBUG=1",
					"$(inherited)",
				);
				GCC_WARN_64_TO_32_BIT_CONVERSION = YES;
				GCC_WARN_ABOUT_RETURN_TYPE = YES_ERROR;
				GCC_WARN_UNDECLARED_SELECTOR = YES;
				GCC_WARN_UNINITIALIZED_AUTOS = YES_AGGRESSIVE;
				GCC_WARN_UNUSED_FUNCTION = YES;
				GCC_WARN_UNUSED_VARIABLE = YES;
				HEADER_SEARCH_PATHS = "$(PROJECT_DIR)/../MacPass/**";
				LD_RUNPATH_SEARCH_PATHS = (
					"$(inherited)",
					"@executable_path/../Frameworks",
					"@loader_path/Frameworks",
				);
				MACOSX_DEPLOYMENT_TARGET = 10.14;
				MTL_ENABLE_DEBUG_INFO = INCLUDE_SOURCE;
				MTL_FAST_MATH = YES;
				ONLY_ACTIVE_ARCH = YES;
				OTHER_LDFLAGS = (
					"-undefined",
					dynamic_lookup,
				);
				SDKROOT = macosx;
			};
			name = Debug;
		};
		4C81392C2281FBC200092FD7 /* Release */ = {
			isa = XCBuildConfiguration;
			buildSettings = {
				ALWAYS_SEARCH_USER_PATHS = NO;
				CLANG_ANALYZER_NONNULL = YES;
				CLANG_ANALYZER_NUMBER_OBJECT_CONVERSION = YES_AGGRESSIVE;
				CLANG_CXX_LANGUAGE_STANDARD = "gnu++14";
				CLANG_CXX_LIBRARY = "libc++";
				CLANG_ENABLE_MODULES = YES;
				CLANG_ENABLE_OBJC_ARC = YES;
				CLANG_ENABLE_OBJC_WEAK = YES;
				CLANG_WARN_BLOCK_CAPTURE_AUTORELEASING = YES;
				CLANG_WARN_BOOL_CONVERSION = YES;
				CLANG_WARN_COMMA = YES;
				CLANG_WARN_CONSTANT_CONVERSION = YES;
				CLANG_WARN_DEPRECATED_OBJC_IMPLEMENTATIONS = YES;
				CLANG_WARN_DIRECT_OBJC_ISA_USAGE = YES_ERROR;
				CLANG_WARN_DOCUMENTATION_COMMENTS = YES;
				CLANG_WARN_EMPTY_BODY = YES;
				CLANG_WARN_ENUM_CONVERSION = YES;
				CLANG_WARN_INFINITE_RECURSION = YES;
				CLANG_WARN_INT_CONVERSION = YES;
				CLANG_WARN_NON_LITERAL_NULL_CONVERSION = YES;
				CLANG_WARN_OBJC_IMPLICIT_RETAIN_SELF = YES;
				CLANG_WARN_OBJC_LITERAL_CONVERSION = YES;
				CLANG_WARN_OBJC_ROOT_CLASS = YES_ERROR;
				CLANG_WARN_RANGE_LOOP_ANALYSIS = YES;
				CLANG_WARN_STRICT_PROTOTYPES = YES;
				CLANG_WARN_SUSPICIOUS_MOVE = YES;
				CLANG_WARN_UNGUARDED_AVAILABILITY = YES_AGGRESSIVE;
				CLANG_WARN_UNREACHABLE_CODE = YES;
				CLANG_WARN__DUPLICATE_METHOD_MATCH = YES;
				CODE_SIGN_IDENTITY = "Mac Developer: gsnowiii@gmail.com (JLUT8362TK)";
				COPY_PHASE_STRIP = NO;
				DEBUG_INFORMATION_FORMAT = "dwarf-with-dsym";
				ENABLE_NS_ASSERTIONS = NO;
				ENABLE_STRICT_OBJC_MSGSEND = YES;
				GCC_C_LANGUAGE_STANDARD = gnu11;
				GCC_NO_COMMON_BLOCKS = YES;
				GCC_WARN_64_TO_32_BIT_CONVERSION = YES;
				GCC_WARN_ABOUT_RETURN_TYPE = YES_ERROR;
				GCC_WARN_UNDECLARED_SELECTOR = YES;
				GCC_WARN_UNINITIALIZED_AUTOS = YES_AGGRESSIVE;
				GCC_WARN_UNUSED_FUNCTION = YES;
				GCC_WARN_UNUSED_VARIABLE = YES;
				HEADER_SEARCH_PATHS = "$(PROJECT_DIR)/../MacPass/**";
				LD_RUNPATH_SEARCH_PATHS = (
					"$(inherited)",
					"@executable_path/../Frameworks",
					"@loader_path/Frameworks",
				);
				MACOSX_DEPLOYMENT_TARGET = 10.14;
				MTL_ENABLE_DEBUG_INFO = NO;
				MTL_FAST_MATH = YES;
				OTHER_LDFLAGS = (
					"-undefined",
					dynamic_lookup,
				);
				SDKROOT = macosx;
			};
			name = Release;
		};
		4C81392E2281FBC200092FD7 /* Debug */ = {
			isa = XCBuildConfiguration;
			buildSettings = {
				CODE_SIGN_IDENTITY = "Mac Developer";
				CODE_SIGN_STYLE = Automatic;
				COMBINE_HIDPI_IMAGES = YES;
				DEVELOPMENT_TEAM = XXSQT4Y6X2;
				HEADER_SEARCH_PATHS = "$(PROJECT_DIR)/../../MacPass/**";
				INFOPLIST_FILE = MacPassRevealer/Info.plist;
				INSTALL_PATH = "$(LOCAL_LIBRARY_DIR)/Bundles";
				PRODUCT_BUNDLE_IDENTIFIER = com.hicknhacksoftware.MacPassRevealer;
				PRODUCT_NAME = "$(TARGET_NAME)";
				PROVISIONING_PROFILE_SPECIFIER = "";
				SKIP_INSTALL = YES;
				WRAPPER_EXTENSION = mpplugin;
			};
			name = Debug;
		};
		4C81392F2281FBC200092FD7 /* Release */ = {
			isa = XCBuildConfiguration;
			buildSettings = {
				CODE_SIGN_IDENTITY = "Mac Developer";
				CODE_SIGN_STYLE = Automatic;
				COMBINE_HIDPI_IMAGES = YES;
				DEVELOPMENT_TEAM = XXSQT4Y6X2;
				HEADER_SEARCH_PATHS = "$(PROJECT_DIR)/../../MacPass/**";
				INFOPLIST_FILE = MacPassRevealer/Info.plist;
				INSTALL_PATH = "$(LOCAL_LIBRARY_DIR)/Bundles";
				PRODUCT_BUNDLE_IDENTIFIER = com.hicknhacksoftware.MacPassRevealer;
				PRODUCT_NAME = "$(TARGET_NAME)";
				PROVISIONING_PROFILE_SPECIFIER = "";
				SKIP_INSTALL = YES;
				WRAPPER_EXTENSION = mpplugin;
			};
			name = Release;
		};
/* End XCBuildConfiguration section */

/* Begin XCConfigurationList section */
		4C8139222281FBC200092FD7 /* Build configuration list for PBXProject "MacPassRevealer" */ = {
			isa = XCConfigurationList;
			buildConfigurations = (
				4C81392B2281FBC200092FD7 /* Debug */,
				4C81392C2281FBC200092FD7 /* Release */,
			);
			defaultConfigurationIsVisible = 0;
			defaultConfigurationName = Release;
		};
		4C81392D2281FBC200092FD7 /* Build configuration list for PBXNativeTarget "MacPassRevealer" */ = {
			isa = XCConfigurationList;
			buildConfigurations = (
				4C81392E2281FBC200092FD7 /* Debug */,
				4C81392F2281FBC200092FD7 /* Release */,
			);
			defaultConfigurationIsVisible = 0;
			defaultConfigurationName = Release;
		};
/* End XCConfigurationList section */
	};
	rootObject = 4C81391F2281FBC200092FD7 /* Project object */;
}
